// !$*UTF8*$!
{
	archiveVersion = 1;
	classes = {
	};
	objectVersion = 56;
	objects = {

/* Begin PBXBuildFile section */
		47B438B02A565C0E00B4EDDF /* WeatherService.swift in Sources */ = {isa = PBXBuildFile; fileRef = 47B438AF2A565C0E00B4EDDF /* WeatherService.swift */; };
		47B438B22A565C9000B4EDDF /* ServiceError.swift in Sources */ = {isa = PBXBuildFile; fileRef = 47B438B12A565C9000B4EDDF /* ServiceError.swift */; };
		47B438B42A565E2000B4EDDF /* WeatherData.swift in Sources */ = {isa = PBXBuildFile; fileRef = 47B438B32A565E2000B4EDDF /* WeatherData.swift */; };
		47B438B62A56621A00B4EDDF /* WeatherViewModel.swift in Sources */ = {isa = PBXBuildFile; fileRef = 47B438B52A56621A00B4EDDF /* WeatherViewModel.swift */; };
		47B438B82A566CC300B4EDDF /* APIKey.plist in Resources */ = {isa = PBXBuildFile; fileRef = 47B438B72A566CC300B4EDDF /* APIKey.plist */; };
		47B438BC2A56751500B4EDDF /* Helpers.swift in Sources */ = {isa = PBXBuildFile; fileRef = 47B438BB2A56751500B4EDDF /* Helpers.swift */; };
		47C784B42A550F4E00E9A61A /* AppDelegate.swift in Sources */ = {isa = PBXBuildFile; fileRef = 47C784B32A550F4E00E9A61A /* AppDelegate.swift */; };
		47C784B82A550F4E00E9A61A /* WeatherViewController.swift in Sources */ = {isa = PBXBuildFile; fileRef = 47C784B72A550F4E00E9A61A /* WeatherViewController.swift */; };
		47C784BD2A550F5000E9A61A /* Assets.xcassets in Resources */ = {isa = PBXBuildFile; fileRef = 47C784BC2A550F5000E9A61A /* Assets.xcassets */; };
		47C784C02A550F5000E9A61A /* LaunchScreen.storyboard in Resources */ = {isa = PBXBuildFile; fileRef = 47C784BE2A550F5000E9A61A /* LaunchScreen.storyboard */; };
		47C784CE2A550FE500E9A61A /* HTTP.swift in Sources */ = {isa = PBXBuildFile; fileRef = 47C784CD2A550FE500E9A61A /* HTTP.swift */; };
		47C784D02A55100500E9A61A /* Endpoint.swift in Sources */ = {isa = PBXBuildFile; fileRef = 47C784CF2A55100500E9A61A /* Endpoint.swift */; };
		47C784D32A55104800E9A61A /* Constants.swift in Sources */ = {isa = PBXBuildFile; fileRef = 47C784D22A55104800E9A61A /* Constants.swift */; };
/* End PBXBuildFile section */

/* Begin PBXFileReference section */
		47B438AF2A565C0E00B4EDDF /* WeatherService.swift */ = {isa = PBXFileReference; lastKnownFileType = sourcecode.swift; path = WeatherService.swift; sourceTree = "<group>"; };
		47B438B12A565C9000B4EDDF /* ServiceError.swift */ = {isa = PBXFileReference; lastKnownFileType = sourcecode.swift; path = ServiceError.swift; sourceTree = "<group>"; };
		47B438B32A565E2000B4EDDF /* WeatherData.swift */ = {isa = PBXFileReference; lastKnownFileType = sourcecode.swift; path = WeatherData.swift; sourceTree = "<group>"; };
		47B438B52A56621A00B4EDDF /* WeatherViewModel.swift */ = {isa = PBXFileReference; lastKnownFileType = sourcecode.swift; path = WeatherViewModel.swift; sourceTree = "<group>"; };
		47B438B72A566CC300B4EDDF /* APIKey.plist */ = {isa = PBXFileReference; lastKnownFileType = text.plist.xml; path = APIKey.plist; sourceTree = "<group>"; };
		47B438BB2A56751500B4EDDF /* Helpers.swift */ = {isa = PBXFileReference; lastKnownFileType = sourcecode.swift; path = Helpers.swift; sourceTree = "<group>"; };
		47C784B02A550F4E00E9A61A /* WeatherApp.app */ = {isa = PBXFileReference; explicitFileType = wrapper.application; includeInIndex = 0; path = WeatherApp.app; sourceTree = BUILT_PRODUCTS_DIR; };
		47C784B32A550F4E00E9A61A /* AppDelegate.swift */ = {isa = PBXFileReference; lastKnownFileType = sourcecode.swift; path = AppDelegate.swift; sourceTree = "<group>"; };
		47C784B72A550F4E00E9A61A /* WeatherViewController.swift */ = {isa = PBXFileReference; lastKnownFileType = sourcecode.swift; path = WeatherViewController.swift; sourceTree = "<group>"; };
		47C784BC2A550F5000E9A61A /* Assets.xcassets */ = {isa = PBXFileReference; lastKnownFileType = folder.assetcatalog; path = Assets.xcassets; sourceTree = "<group>"; };
		47C784BF2A550F5000E9A61A /* Base */ = {isa = PBXFileReference; lastKnownFileType = file.storyboard; name = Base; path = Base.lproj/LaunchScreen.storyboard; sourceTree = "<group>"; };
		47C784C12A550F5000E9A61A /* Info.plist */ = {isa = PBXFileReference; lastKnownFileType = text.plist.xml; path = Info.plist; sourceTree = "<group>"; };
		47C784CD2A550FE500E9A61A /* HTTP.swift */ = {isa = PBXFileReference; lastKnownFileType = sourcecode.swift; path = HTTP.swift; sourceTree = "<group>"; };
		47C784CF2A55100500E9A61A /* Endpoint.swift */ = {isa = PBXFileReference; lastKnownFileType = sourcecode.swift; path = Endpoint.swift; sourceTree = "<group>"; };
		47C784D22A55104800E9A61A /* Constants.swift */ = {isa = PBXFileReference; lastKnownFileType = sourcecode.swift; path = Constants.swift; sourceTree = "<group>"; };
/* End PBXFileReference section */

/* Begin PBXFrameworksBuildPhase section */
		47C784AD2A550F4E00E9A61A /* Frameworks */ = {
			isa = PBXFrameworksBuildPhase;
			buildActionMask = 2147483647;
			files = (
			);
			runOnlyForDeploymentPostprocessing = 0;
		};
/* End PBXFrameworksBuildPhase section */

/* Begin PBXGroup section */
		47C784A72A550F4E00E9A61A = {
			isa = PBXGroup;
			children = (
				47B438B72A566CC300B4EDDF /* APIKey.plist */,
				47C784B22A550F4E00E9A61A /* WeatherApp */,
				47C784B12A550F4E00E9A61A /* Products */,
			);
			sourceTree = "<group>";
		};
		47C784B12A550F4E00E9A61A /* Products */ = {
			isa = PBXGroup;
			children = (
				47C784B02A550F4E00E9A61A /* WeatherApp.app */,
			);
			name = Products;
			sourceTree = "<group>";
		};
		47C784B22A550F4E00E9A61A /* WeatherApp */ = {
			isa = PBXGroup;
			children = (
				47C784CC2A550FBE00E9A61A /* Networking */,
				47C784CB2A550FB200E9A61A /* Supporting */,
				47C784CA2A550FAD00E9A61A /* Models */,
				47B438B52A56621A00B4EDDF /* WeatherViewModel.swift */,
				47C784B72A550F4E00E9A61A /* WeatherViewController.swift */,
				47C784C12A550F5000E9A61A /* Info.plist */,
			);
			path = WeatherApp;
			sourceTree = "<group>";
		};
		47C784CA2A550FAD00E9A61A /* Models */ = {
			isa = PBXGroup;
			children = (
				47B438B12A565C9000B4EDDF /* ServiceError.swift */,
				47B438B32A565E2000B4EDDF /* WeatherData.swift */,
			);
			path = Models;
			sourceTree = "<group>";
		};
		47C784CB2A550FB200E9A61A /* Supporting */ = {
			isa = PBXGroup;
			children = (
				47B438BB2A56751500B4EDDF /* Helpers.swift */,
				47C784B32A550F4E00E9A61A /* AppDelegate.swift */,
				47C784D22A55104800E9A61A /* Constants.swift */,
				47C784BE2A550F5000E9A61A /* LaunchScreen.storyboard */,
				47C784BC2A550F5000E9A61A /* Assets.xcassets */,
			);
			path = Supporting;
			sourceTree = "<group>";
		};
		47C784CC2A550FBE00E9A61A /* Networking */ = {
			isa = PBXGroup;
			children = (
				47C784CD2A550FE500E9A61A /* HTTP.swift */,
				47C784CF2A55100500E9A61A /* Endpoint.swift */,
				47B438AF2A565C0E00B4EDDF /* WeatherService.swift */,
			);
			path = Networking;
			sourceTree = "<group>";
		};
/* End PBXGroup section */

/* Begin PBXNativeTarget section */
		47C784AF2A550F4E00E9A61A /* WeatherApp */ = {
			isa = PBXNativeTarget;
			buildConfigurationList = 47C784C42A550F5000E9A61A /* Build configuration list for PBXNativeTarget "WeatherApp" */;
			buildPhases = (
				47C784AC2A550F4E00E9A61A /* Sources */,
				47C784AD2A550F4E00E9A61A /* Frameworks */,
				47C784AE2A550F4E00E9A61A /* Resources */,
			);
			buildRules = (
			);
			dependencies = (
			);
			name = WeatherApp;
			productName = WeatherApp;
			productReference = 47C784B02A550F4E00E9A61A /* WeatherApp.app */;
			productType = "com.apple.product-type.application";
		};
/* End PBXNativeTarget section */

/* Begin PBXProject section */
		47C784A82A550F4E00E9A61A /* Project object */ = {
			isa = PBXProject;
			attributes = {
				BuildIndependentTargetsInParallel = 1;
				LastSwiftUpdateCheck = 1430;
				LastUpgradeCheck = 1430;
				TargetAttributes = {
					47C784AF2A550F4E00E9A61A = {
						CreatedOnToolsVersion = 14.3.1;
					};
				};
			};
			buildConfigurationList = 47C784AB2A550F4E00E9A61A /* Build configuration list for PBXProject "WeatherApp" */;
			compatibilityVersion = "Xcode 14.0";
			developmentRegion = en;
			hasScannedForEncodings = 0;
			knownRegions = (
				en,
				Base,
			);
			mainGroup = 47C784A72A550F4E00E9A61A;
			productRefGroup = 47C784B12A550F4E00E9A61A /* Products */;
			projectDirPath = "";
			projectRoot = "";
			targets = (
				47C784AF2A550F4E00E9A61A /* WeatherApp */,
			);
		};
/* End PBXProject section */

/* Begin PBXResourcesBuildPhase section */
		47C784AE2A550F4E00E9A61A /* Resources */ = {
			isa = PBXResourcesBuildPhase;
			buildActionMask = 2147483647;
			files = (
				47B438B82A566CC300B4EDDF /* APIKey.plist in Resources */,
				47C784C02A550F5000E9A61A /* LaunchScreen.storyboard in Resources */,
				47C784BD2A550F5000E9A61A /* Assets.xcassets in Resources */,
			);
			runOnlyForDeploymentPostprocessing = 0;
		};
/* End PBXResourcesBuildPhase section */

/* Begin PBXSourcesBuildPhase section */
		47C784AC2A550F4E00E9A61A /* Sources */ = {
			isa = PBXSourcesBuildPhase;
			buildActionMask = 2147483647;
			files = (
				47B438B42A565E2000B4EDDF /* WeatherData.swift in Sources */,
				47B438B62A56621A00B4EDDF /* WeatherViewModel.swift in Sources */,
				47C784B82A550F4E00E9A61A /* WeatherViewController.swift in Sources */,
				47B438BC2A56751500B4EDDF /* Helpers.swift in Sources */,
				47B438B22A565C9000B4EDDF /* ServiceError.swift in Sources */,
				47C784CE2A550FE500E9A61A /* HTTP.swift in Sources */,
				47C784B42A550F4E00E9A61A /* AppDelegate.swift in Sources */,
				47C784D02A55100500E9A61A /* Endpoint.swift in Sources */,
				47B438B02A565C0E00B4EDDF /* WeatherService.swift in Sources */,
				47C784D32A55104800E9A61A /* Constants.swift in Sources */,
			);
			runOnlyForDeploymentPostprocessing = 0;
		};
/* End PBXSourcesBuildPhase section */

/* Begin PBXVariantGroup section */
		47C784BE2A550F5000E9A61A /* LaunchScreen.storyboard */ = {
			isa = PBXVariantGroup;
			children = (
				47C784BF2A550F5000E9A61A /* Base */,
			);
			name = LaunchScreen.storyboard;
			sourceTree = "<group>";
		};
/* End PBXVariantGroup section */

/* Begin XCBuildConfiguration section */
		47C784C22A550F5000E9A61A /* Debug */ = {
			isa = XCBuildConfiguration;
			buildSettings = {
				ALWAYS_SEARCH_USER_PATHS = NO;
				CLANG_ANALYZER_NONNULL = YES;
				CLANG_ANALYZER_NUMBER_OBJECT_CONVERSION = YES_AGGRESSIVE;
				CLANG_CXX_LANGUAGE_STANDARD = "gnu++20";
				CLANG_ENABLE_MODULES = YES;
				CLANG_ENABLE_OBJC_ARC = YES;
				CLANG_ENABLE_OBJC_WEAK = YES;
				CLANG_WARN_BLOCK_CAPTURE_AUTORELEASING = YES;
				CLANG_WARN_BOOL_CONVERSION = YES;
				CLANG_WARN_COMMA = YES;
				CLANG_WARN_CONSTANT_CONVERSION = YES;
				CLANG_WARN_DEPRECATED_OBJC_IMPLEMENTATIONS = YES;
				CLANG_WARN_DIRECT_OBJC_ISA_USAGE = YES_ERROR;
				CLANG_WARN_DOCUMENTATION_COMMENTS = YES;
				CLANG_WARN_EMPTY_BODY = YES;
				CLANG_WARN_ENUM_CONVERSION = YES;
				CLANG_WARN_INFINITE_RECURSION = YES;
				CLANG_WARN_INT_CONVERSION = YES;
				CLANG_WARN_NON_LITERAL_NULL_CONVERSION = YES;
				CLANG_WARN_OBJC_IMPLICIT_RETAIN_SELF = YES;
				CLANG_WARN_OBJC_LITERAL_CONVERSION = YES;
				CLANG_WARN_OBJC_ROOT_CLASS = YES_ERROR;
				CLANG_WARN_QUOTED_INCLUDE_IN_FRAMEWORK_HEADER = YES;
				CLANG_WARN_RANGE_LOOP_ANALYSIS = YES;
				CLANG_WARN_STRICT_PROTOTYPES = YES;
				CLANG_WARN_SUSPICIOUS_MOVE = YES;
				CLANG_WARN_UNGUARDED_AVAILABILITY = YES_AGGRESSIVE;
				CLANG_WARN_UNREACHABLE_CODE = YES;
				CLANG_WARN__DUPLICATE_METHOD_MATCH = YES;
				COPY_PHASE_STRIP = NO;
				DEBUG_INFORMATION_FORMAT = dwarf;
				ENABLE_STRICT_OBJC_MSGSEND = YES;
				ENABLE_TESTABILITY = YES;
				GCC_C_LANGUAGE_STANDARD = gnu11;
				GCC_DYNAMIC_NO_PIC = NO;
				GCC_NO_COMMON_BLOCKS = YES;
				GCC_OPTIMIZATION_LEVEL = 0;
				GCC_PREPROCESSOR_DEFINITIONS = (
					"DEBUG=1",
					"$(inherited)",
				);
				GCC_WARN_64_TO_32_BIT_CONVERSION = YES;
				GCC_WARN_ABOUT_RETURN_TYPE = YES_ERROR;
				GCC_WARN_UNDECLARED_SELECTOR = YES;
				GCC_WARN_UNINITIALIZED_AUTOS = YES_AGGRESSIVE;
				GCC_WARN_UNUSED_FUNCTION = YES;
				GCC_WARN_UNUSED_VARIABLE = YES;
				IPHONEOS_DEPLOYMENT_TARGET = 16.4;
				MTL_ENABLE_DEBUG_INFO = INCLUDE_SOURCE;
				MTL_FAST_MATH = YES;
				ONLY_ACTIVE_ARCH = YES;
				SDKROOT = iphoneos;
				SWIFT_ACTIVE_COMPILATION_CONDITIONS = DEBUG;
				SWIFT_OPTIMIZATION_LEVEL = "-Onone";
			};
			name = Debug;
		};
		47C784C32A550F5000E9A61A /* Release */ = {
			isa = XCBuildConfiguration;
			buildSettings = {
				ALWAYS_SEARCH_USER_PATHS = NO;
				CLANG_ANALYZER_NONNULL = YES;
				CLANG_ANALYZER_NUMBER_OBJECT_CONVERSION = YES_AGGRESSIVE;
				CLANG_CXX_LANGUAGE_STANDARD = "gnu++20";
				CLANG_ENABLE_MODULES = YES;
				CLANG_ENABLE_OBJC_ARC = YES;
				CLANG_ENABLE_OBJC_WEAK = YES;
				CLANG_WARN_BLOCK_CAPTURE_AUTORELEASING = YES;
				CLANG_WARN_BOOL_CONVERSION = YES;
				CLANG_WARN_COMMA = YES;
				CLANG_WARN_CONSTANT_CONVERSION = YES;
				CLANG_WARN_DEPRECATED_OBJC_IMPLEMENTATIONS = YES;
				CLANG_WARN_DIRECT_OBJC_ISA_USAGE = YES_ERROR;
				CLANG_WARN_DOCUMENTATION_COMMENTS = YES;
				CLANG_WARN_EMPTY_BODY = YES;
				CLANG_WARN_ENUM_CONVERSION = YES;
				CLANG_WARN_INFINITE_RECURSION = YES;
				CLANG_WARN_INT_CONVERSION = YES;
				CLANG_WARN_NON_LITERAL_NULL_CONVERSION = YES;
				CLANG_WARN_OBJC_IMPLICIT_RETAIN_SELF = YES;
				CLANG_WARN_OBJC_LITERAL_CONVERSION = YES;
				CLANG_WARN_OBJC_ROOT_CLASS = YES_ERROR;
				CLANG_WARN_QUOTED_INCLUDE_IN_FRAMEWORK_HEADER = YES;
				CLANG_WARN_RANGE_LOOP_ANALYSIS = YES;
				CLANG_WARN_STRICT_PROTOTYPES = YES;
				CLANG_WARN_SUSPICIOUS_MOVE = YES;
				CLANG_WARN_UNGUARDED_AVAILABILITY = YES_AGGRESSIVE;
				CLANG_WARN_UNREACHABLE_CODE = YES;
				CLANG_WARN__DUPLICATE_METHOD_MATCH = YES;
				COPY_PHASE_STRIP = NO;
				DEBUG_INFORMATION_FORMAT = "dwarf-with-dsym";
				ENABLE_NS_ASSERTIONS = NO;
				ENABLE_STRICT_OBJC_MSGSEND = YES;
				GCC_C_LANGUAGE_STANDARD = gnu11;
				GCC_NO_COMMON_BLOCKS = YES;
				GCC_WARN_64_TO_32_BIT_CONVERSION = YES;
				GCC_WARN_ABOUT_RETURN_TYPE = YES_ERROR;
				GCC_WARN_UNDECLARED_SELECTOR = YES;
				GCC_WARN_UNINITIALIZED_AUTOS = YES_AGGRESSIVE;
				GCC_WARN_UNUSED_FUNCTION = YES;
				GCC_WARN_UNUSED_VARIABLE = YES;
				IPHONEOS_DEPLOYMENT_TARGET = 16.4;
				MTL_ENABLE_DEBUG_INFO = NO;
				MTL_FAST_MATH = YES;
				SDKROOT = iphoneos;
				SWIFT_COMPILATION_MODE = wholemodule;
				SWIFT_OPTIMIZATION_LEVEL = "-O";
				VALIDATE_PRODUCT = YES;
			};
			name = Release;
		};
		47C784C52A550F5000E9A61A /* Debug */ = {
			isa = XCBuildConfiguration;
			buildSettings = {
				ASSETCATALOG_COMPILER_APPICON_NAME = AppIcon;
				ASSETCATALOG_COMPILER_GLOBAL_ACCENT_COLOR_NAME = AccentColor;
				CODE_SIGN_STYLE = Automatic;
				CURRENT_PROJECT_VERSION = 1;
				DEVELOPMENT_TEAM = 9DJ3NHWZB3;
				GENERATE_INFOPLIST_FILE = YES;
				INFOPLIST_FILE = WeatherApp/Info.plist;
				INFOPLIST_KEY_NSLocationWhenInUseUsageDescription = "The app uses your location to get weather info.";
				INFOPLIST_KEY_UIApplicationSupportsIndirectInputEvents = YES;
				INFOPLIST_KEY_UILaunchStoryboardName = LaunchScreen;
				INFOPLIST_KEY_UISupportedInterfaceOrientations = UIInterfaceOrientationPortrait;
				IPHONEOS_DEPLOYMENT_TARGET = 14.0;
				LD_RUNPATH_SEARCH_PATHS = (
					"$(inherited)",
					"@executable_path/Frameworks",
				);
				MARKETING_VERSION = 1.0;
				PRODUCT_BUNDLE_IDENTIFIER = com.cs4372.WeatherApp;
				PRODUCT_NAME = "$(TARGET_NAME)";
				SWIFT_EMIT_LOC_STRINGS = YES;
				SWIFT_VERSION = 5.0;
				TARGETED_DEVICE_FAMILY = "1,2";
			};
			name = Debug;
		};
		47C784C62A550F5000E9A61A /* Release */ = {
			isa = XCBuildConfiguration;
			buildSettings = {
				ASSETCATALOG_COMPILER_APPICON_NAME = AppIcon;
				ASSETCATALOG_COMPILER_GLOBAL_ACCENT_COLOR_NAME = AccentColor;
				CODE_SIGN_STYLE = Automatic;
				CURRENT_PROJECT_VERSION = 1;
				DEVELOPMENT_TEAM = 9DJ3NHWZB3;
				GENERATE_INFOPLIST_FILE = YES;
				INFOPLIST_FILE = WeatherApp/Info.plist;
				INFOPLIST_KEY_NSLocationWhenInUseUsageDescription = "The app uses your location to get weather info.";
				INFOPLIST_KEY_UIApplicationSupportsIndirectInputEvents = YES;
				INFOPLIST_KEY_UILaunchStoryboardName = LaunchScreen;
				INFOPLIST_KEY_UISupportedInterfaceOrientations = UIInterfaceOrientationPortrait;
				IPHONEOS_DEPLOYMENT_TARGET = 14.0;
				LD_RUNPATH_SEARCH_PATHS = (
					"$(inherited)",
					"@executable_path/Frameworks",
				);
				MARKETING_VERSION = 1.0;
				PRODUCT_BUNDLE_IDENTIFIER = com.cs4372.WeatherApp;
				PRODUCT_NAME = "$(TARGET_NAME)";
				SWIFT_EMIT_LOC_STRINGS = YES;
				SWIFT_VERSION = 5.0;
				TARGETED_DEVICE_FAMILY = "1,2";
			};
			name = Release;
		};
/* End XCBuildConfiguration section */

/* Begin XCConfigurationList section */
		47C784AB2A550F4E00E9A61A /* Build configuration list for PBXProject "WeatherApp" */ = {
			isa = XCConfigurationList;
			buildConfigurations = (
				47C784C22A550F5000E9A61A /* Debug */,
				47C784C32A550F5000E9A61A /* Release */,
			);
			defaultConfigurationIsVisible = 0;
			defaultConfigurationName = Release;
		};
		47C784C42A550F5000E9A61A /* Build configuration list for PBXNativeTarget "WeatherApp" */ = {
			isa = XCConfigurationList;
			buildConfigurations = (
				47C784C52A550F5000E9A61A /* Debug */,
				47C784C62A550F5000E9A61A /* Release */,
			);
			defaultConfigurationIsVisible = 0;
			defaultConfigurationName = Release;
		};
/* End XCConfigurationList section */
	};
	rootObject = 47C784A82A550F4E00E9A61A /* Project object */;
}
