// !$*UTF8*$!
{
	archiveVersion = 1;
	classes = {
	};
	objectVersion = 56;
	objects = {

/* Begin PBXBuildFile section */
		4789D7952A5FA05E00E82849 /* BottomStackView.swift in Sources */ = {isa = PBXBuildFile; fileRef = 4789D7942A5FA05E00E82849 /* BottomStackView.swift */; };
		4789D7972A5FA96F00E82849 /* TopStackView.swift in Sources */ = {isa = PBXBuildFile; fileRef = 4789D7962A5FA96F00E82849 /* TopStackView.swift */; };
		4789D79F2A5FBEDB00E82849 /* WeatherAppSnapshotTests.swift in Sources */ = {isa = PBXBuildFile; fileRef = 4789D79E2A5FBEDB00E82849 /* WeatherAppSnapshotTests.swift */; };
		4789D7A72A5FBF3900E82849 /* SnapshotTesting in Frameworks */ = {isa = PBXBuildFile; productRef = 4789D7A62A5FBF3900E82849 /* SnapshotTesting */; };
		4789D7A92A5FC25F00E82849 /* Accelerate.framework in Frameworks */ = {isa = PBXBuildFile; fileRef = 4789D7A82A5FC25F00E82849 /* Accelerate.framework */; };
		47B438B02A565C0E00B4EDDF /* WeatherService.swift in Sources */ = {isa = PBXBuildFile; fileRef = 47B438AF2A565C0E00B4EDDF /* WeatherService.swift */; };
		47B438B22A565C9000B4EDDF /* ServiceError.swift in Sources */ = {isa = PBXBuildFile; fileRef = 47B438B12A565C9000B4EDDF /* ServiceError.swift */; };
		47B438B42A565E2000B4EDDF /* WeatherData.swift in Sources */ = {isa = PBXBuildFile; fileRef = 47B438B32A565E2000B4EDDF /* WeatherData.swift */; };
		47B438B62A56621A00B4EDDF /* WeatherViewModel.swift in Sources */ = {isa = PBXBuildFile; fileRef = 47B438B52A56621A00B4EDDF /* WeatherViewModel.swift */; };
		47B438B82A566CC300B4EDDF /* APIKey.plist in Resources */ = {isa = PBXBuildFile; fileRef = 47B438B72A566CC300B4EDDF /* APIKey.plist */; };
		47B438BC2A56751500B4EDDF /* Helpers.swift in Sources */ = {isa = PBXBuildFile; fileRef = 47B438BB2A56751500B4EDDF /* Helpers.swift */; };
		47B439322A5A459700B4EDDF /* WeatherViewModelTests.swift in Sources */ = {isa = PBXBuildFile; fileRef = 47B439312A5A459700B4EDDF /* WeatherViewModelTests.swift */; };
		47B439392A5A5A0E00B4EDDF /* WeatherDataTests.swift in Sources */ = {isa = PBXBuildFile; fileRef = 47B439382A5A5A0E00B4EDDF /* WeatherDataTests.swift */; };
		47C784B42A550F4E00E9A61A /* AppDelegate.swift in Sources */ = {isa = PBXBuildFile; fileRef = 47C784B32A550F4E00E9A61A /* AppDelegate.swift */; };
		47C784B82A550F4E00E9A61A /* WeatherViewController.swift in Sources */ = {isa = PBXBuildFile; fileRef = 47C784B72A550F4E00E9A61A /* WeatherViewController.swift */; };
		47C784BD2A550F5000E9A61A /* Assets.xcassets in Resources */ = {isa = PBXBuildFile; fileRef = 47C784BC2A550F5000E9A61A /* Assets.xcassets */; };
		47C784C02A550F5000E9A61A /* LaunchScreen.storyboard in Resources */ = {isa = PBXBuildFile; fileRef = 47C784BE2A550F5000E9A61A /* LaunchScreen.storyboard */; };
		47C784CE2A550FE500E9A61A /* HTTP.swift in Sources */ = {isa = PBXBuildFile; fileRef = 47C784CD2A550FE500E9A61A /* HTTP.swift */; };
		47C784D02A55100500E9A61A /* Endpoint.swift in Sources */ = {isa = PBXBuildFile; fileRef = 47C784CF2A55100500E9A61A /* Endpoint.swift */; };
		47C784D32A55104800E9A61A /* Constants.swift in Sources */ = {isa = PBXBuildFile; fileRef = 47C784D22A55104800E9A61A /* Constants.swift */; };
		47D939B02A5A64D4007F2DC3 /* WeatherAppUITests.swift in Sources */ = {isa = PBXBuildFile; fileRef = 47D939AF2A5A64D4007F2DC3 /* WeatherAppUITests.swift */; };
		47D939B22A5A64D4007F2DC3 /* WeatherAppUITestsLaunchTests.swift in Sources */ = {isa = PBXBuildFile; fileRef = 47D939B12A5A64D4007F2DC3 /* WeatherAppUITestsLaunchTests.swift */; };
		47D939B92A5A6647007F2DC3 /* WeatherViewControllerTests.swift in Sources */ = {isa = PBXBuildFile; fileRef = 47D939B82A5A6647007F2DC3 /* WeatherViewControllerTests.swift */; };
/* End PBXBuildFile section */

/* Begin PBXContainerItemProxy section */
		4789D7A02A5FBEDB00E82849 /* PBXContainerItemProxy */ = {
			isa = PBXContainerItemProxy;
			containerPortal = 47C784A82A550F4E00E9A61A /* Project object */;
			proxyType = 1;
			remoteGlobalIDString = 47C784AF2A550F4E00E9A61A;
			remoteInfo = WeatherApp;
		};
		47B439332A5A459700B4EDDF /* PBXContainerItemProxy */ = {
			isa = PBXContainerItemProxy;
			containerPortal = 47C784A82A550F4E00E9A61A /* Project object */;
			proxyType = 1;
			remoteGlobalIDString = 47C784AF2A550F4E00E9A61A;
			remoteInfo = WeatherApp;
		};
		47D939B32A5A64D4007F2DC3 /* PBXContainerItemProxy */ = {
			isa = PBXContainerItemProxy;
			containerPortal = 47C784A82A550F4E00E9A61A /* Project object */;
			proxyType = 1;
			remoteGlobalIDString = 47C784AF2A550F4E00E9A61A;
			remoteInfo = WeatherApp;
		};
/* End PBXContainerItemProxy section */

/* Begin PBXFileReference section */
		4789D7942A5FA05E00E82849 /* BottomStackView.swift */ = {isa = PBXFileReference; lastKnownFileType = sourcecode.swift; path = BottomStackView.swift; sourceTree = "<group>"; };
		4789D7962A5FA96F00E82849 /* TopStackView.swift */ = {isa = PBXFileReference; lastKnownFileType = sourcecode.swift; path = TopStackView.swift; sourceTree = "<group>"; };
		4789D79C2A5FBEDB00E82849 /* WeatherAppSnapshotTests.xctest */ = {isa = PBXFileReference; explicitFileType = wrapper.cfbundle; includeInIndex = 0; path = WeatherAppSnapshotTests.xctest; sourceTree = BUILT_PRODUCTS_DIR; };
		4789D79E2A5FBEDB00E82849 /* WeatherAppSnapshotTests.swift */ = {isa = PBXFileReference; lastKnownFileType = sourcecode.swift; path = WeatherAppSnapshotTests.swift; sourceTree = "<group>"; };
		4789D7A82A5FC25F00E82849 /* Accelerate.framework */ = {isa = PBXFileReference; lastKnownFileType = wrapper.framework; name = Accelerate.framework; path = Platforms/MacOSX.platform/Developer/SDKs/MacOSX13.3.sdk/System/Library/Frameworks/Accelerate.framework; sourceTree = DEVELOPER_DIR; };
		47B438AF2A565C0E00B4EDDF /* WeatherService.swift */ = {isa = PBXFileReference; lastKnownFileType = sourcecode.swift; path = WeatherService.swift; sourceTree = "<group>"; };
		47B438B12A565C9000B4EDDF /* ServiceError.swift */ = {isa = PBXFileReference; lastKnownFileType = sourcecode.swift; path = ServiceError.swift; sourceTree = "<group>"; };
		47B438B32A565E2000B4EDDF /* WeatherData.swift */ = {isa = PBXFileReference; lastKnownFileType = sourcecode.swift; path = WeatherData.swift; sourceTree = "<group>"; };
		47B438B52A56621A00B4EDDF /* WeatherViewModel.swift */ = {isa = PBXFileReference; lastKnownFileType = sourcecode.swift; path = WeatherViewModel.swift; sourceTree = "<group>"; };
		47B438B72A566CC300B4EDDF /* APIKey.plist */ = {isa = PBXFileReference; lastKnownFileType = text.plist.xml; path = APIKey.plist; sourceTree = "<group>"; };
		47B438BB2A56751500B4EDDF /* Helpers.swift */ = {isa = PBXFileReference; lastKnownFileType = sourcecode.swift; path = Helpers.swift; sourceTree = "<group>"; };
		47B438C32A59225700B4EDDF /* XCTest.framework */ = {isa = PBXFileReference; lastKnownFileType = wrapper.framework; name = XCTest.framework; path = Platforms/iPhoneOS.platform/Developer/Library/Frameworks/XCTest.framework; sourceTree = DEVELOPER_DIR; };
		47B4392F2A5A459700B4EDDF /* WeatherAppTests.xctest */ = {isa = PBXFileReference; explicitFileType = wrapper.cfbundle; includeInIndex = 0; path = WeatherAppTests.xctest; sourceTree = BUILT_PRODUCTS_DIR; };
		47B439312A5A459700B4EDDF /* WeatherViewModelTests.swift */ = {isa = PBXFileReference; lastKnownFileType = sourcecode.swift; path = WeatherViewModelTests.swift; sourceTree = "<group>"; };
		47B439382A5A5A0E00B4EDDF /* WeatherDataTests.swift */ = {isa = PBXFileReference; lastKnownFileType = sourcecode.swift; path = WeatherDataTests.swift; sourceTree = "<group>"; };
		47C784B02A550F4E00E9A61A /* WeatherApp.app */ = {isa = PBXFileReference; explicitFileType = wrapper.application; includeInIndex = 0; path = WeatherApp.app; sourceTree = BUILT_PRODUCTS_DIR; };
		47C784B32A550F4E00E9A61A /* AppDelegate.swift */ = {isa = PBXFileReference; lastKnownFileType = sourcecode.swift; path = AppDelegate.swift; sourceTree = "<group>"; };
		47C784B72A550F4E00E9A61A /* WeatherViewController.swift */ = {isa = PBXFileReference; lastKnownFileType = sourcecode.swift; path = WeatherViewController.swift; sourceTree = "<group>"; };
		47C784BC2A550F5000E9A61A /* Assets.xcassets */ = {isa = PBXFileReference; lastKnownFileType = folder.assetcatalog; path = Assets.xcassets; sourceTree = "<group>"; };
		47C784BF2A550F5000E9A61A /* Base */ = {isa = PBXFileReference; lastKnownFileType = file.storyboard; name = Base; path = Base.lproj/LaunchScreen.storyboard; sourceTree = "<group>"; };
		47C784C12A550F5000E9A61A /* Info.plist */ = {isa = PBXFileReference; lastKnownFileType = text.plist.xml; path = Info.plist; sourceTree = "<group>"; };
		47C784CD2A550FE500E9A61A /* HTTP.swift */ = {isa = PBXFileReference; lastKnownFileType = sourcecode.swift; path = HTTP.swift; sourceTree = "<group>"; };
		47C784CF2A55100500E9A61A /* Endpoint.swift */ = {isa = PBXFileReference; lastKnownFileType = sourcecode.swift; path = Endpoint.swift; sourceTree = "<group>"; };
		47C784D22A55104800E9A61A /* Constants.swift */ = {isa = PBXFileReference; lastKnownFileType = sourcecode.swift; path = Constants.swift; sourceTree = "<group>"; };
		47D939AD2A5A64D4007F2DC3 /* WeatherAppUITests.xctest */ = {isa = PBXFileReference; explicitFileType = wrapper.cfbundle; includeInIndex = 0; path = WeatherAppUITests.xctest; sourceTree = BUILT_PRODUCTS_DIR; };
		47D939AF2A5A64D4007F2DC3 /* WeatherAppUITests.swift */ = {isa = PBXFileReference; lastKnownFileType = sourcecode.swift; path = WeatherAppUITests.swift; sourceTree = "<group>"; };
		47D939B12A5A64D4007F2DC3 /* WeatherAppUITestsLaunchTests.swift */ = {isa = PBXFileReference; lastKnownFileType = sourcecode.swift; path = WeatherAppUITestsLaunchTests.swift; sourceTree = "<group>"; };
		47D939B82A5A6647007F2DC3 /* WeatherViewControllerTests.swift */ = {isa = PBXFileReference; lastKnownFileType = sourcecode.swift; path = WeatherViewControllerTests.swift; sourceTree = "<group>"; };
/* End PBXFileReference section */

/* Begin PBXFrameworksBuildPhase section */
		4789D7992A5FBEDB00E82849 /* Frameworks */ = {
			isa = PBXFrameworksBuildPhase;
			buildActionMask = 2147483647;
			files = (
				4789D7A92A5FC25F00E82849 /* Accelerate.framework in Frameworks */,
				4789D7A72A5FBF3900E82849 /* SnapshotTesting in Frameworks */,
			);
			runOnlyForDeploymentPostprocessing = 0;
		};
		47B4392C2A5A459700B4EDDF /* Frameworks */ = {
			isa = PBXFrameworksBuildPhase;
			buildActionMask = 2147483647;
			files = (
			);
			runOnlyForDeploymentPostprocessing = 0;
		};
		47C784AD2A550F4E00E9A61A /* Frameworks */ = {
			isa = PBXFrameworksBuildPhase;
			buildActionMask = 2147483647;
			files = (
			);
			runOnlyForDeploymentPostprocessing = 0;
		};
		47D939AA2A5A64D4007F2DC3 /* Frameworks */ = {
			isa = PBXFrameworksBuildPhase;
			buildActionMask = 2147483647;
			files = (
			);
			runOnlyForDeploymentPostprocessing = 0;
		};
/* End PBXFrameworksBuildPhase section */

/* Begin PBXGroup section */
		4789D7932A5FA04500E82849 /* Views */ = {
			isa = PBXGroup;
			children = (
				4789D7942A5FA05E00E82849 /* BottomStackView.swift */,
				4789D7962A5FA96F00E82849 /* TopStackView.swift */,
			);
			path = Views;
			sourceTree = "<group>";
		};
		4789D79D2A5FBEDB00E82849 /* WeatherAppSnapshotTests */ = {
			isa = PBXGroup;
			children = (
				4789D79E2A5FBEDB00E82849 /* WeatherAppSnapshotTests.swift */,
			);
			path = WeatherAppSnapshotTests;
			sourceTree = "<group>";
		};
		47B438C22A59225600B4EDDF /* Frameworks */ = {
			isa = PBXGroup;
			children = (
				4789D7A82A5FC25F00E82849 /* Accelerate.framework */,
				47B438C32A59225700B4EDDF /* XCTest.framework */,
			);
			name = Frameworks;
			sourceTree = "<group>";
		};
		47B439302A5A459700B4EDDF /* WeatherAppTests */ = {
			isa = PBXGroup;
			children = (
				47B439312A5A459700B4EDDF /* WeatherViewModelTests.swift */,
				47B439382A5A5A0E00B4EDDF /* WeatherDataTests.swift */,
				47D939B82A5A6647007F2DC3 /* WeatherViewControllerTests.swift */,
			);
			path = WeatherAppTests;
			sourceTree = "<group>";
		};
		47C784A72A550F4E00E9A61A = {
			isa = PBXGroup;
			children = (
				47B438B72A566CC300B4EDDF /* APIKey.plist */,
				47C784B22A550F4E00E9A61A /* WeatherApp */,
				47B439302A5A459700B4EDDF /* WeatherAppTests */,
				47D939AE2A5A64D4007F2DC3 /* WeatherAppUITests */,
				4789D79D2A5FBEDB00E82849 /* WeatherAppSnapshotTests */,
				47C784B12A550F4E00E9A61A /* Products */,
				47B438C22A59225600B4EDDF /* Frameworks */,
			);
			sourceTree = "<group>";
		};
		47C784B12A550F4E00E9A61A /* Products */ = {
			isa = PBXGroup;
			children = (
				47C784B02A550F4E00E9A61A /* WeatherApp.app */,
				47B4392F2A5A459700B4EDDF /* WeatherAppTests.xctest */,
				47D939AD2A5A64D4007F2DC3 /* WeatherAppUITests.xctest */,
				4789D79C2A5FBEDB00E82849 /* WeatherAppSnapshotTests.xctest */,
			);
			name = Products;
			sourceTree = "<group>";
		};
		47C784B22A550F4E00E9A61A /* WeatherApp */ = {
			isa = PBXGroup;
			children = (
				4789D7932A5FA04500E82849 /* Views */,
				47C784CC2A550FBE00E9A61A /* Networking */,
				47C784CB2A550FB200E9A61A /* Supporting */,
				47C784CA2A550FAD00E9A61A /* Models */,
				47B438B52A56621A00B4EDDF /* WeatherViewModel.swift */,
				47C784B72A550F4E00E9A61A /* WeatherViewController.swift */,
				47C784C12A550F5000E9A61A /* Info.plist */,
			);
			path = WeatherApp;
			sourceTree = "<group>";
		};
		47C784CA2A550FAD00E9A61A /* Models */ = {
			isa = PBXGroup;
			children = (
				47B438B12A565C9000B4EDDF /* ServiceError.swift */,
				47B438B32A565E2000B4EDDF /* WeatherData.swift */,
			);
			path = Models;
			sourceTree = "<group>";
		};
		47C784CB2A550FB200E9A61A /* Supporting */ = {
			isa = PBXGroup;
			children = (
				47B438BB2A56751500B4EDDF /* Helpers.swift */,
				47C784B32A550F4E00E9A61A /* AppDelegate.swift */,
				47C784D22A55104800E9A61A /* Constants.swift */,
				47C784BE2A550F5000E9A61A /* LaunchScreen.storyboard */,
				47C784BC2A550F5000E9A61A /* Assets.xcassets */,
			);
			path = Supporting;
			sourceTree = "<group>";
		};
		47C784CC2A550FBE00E9A61A /* Networking */ = {
			isa = PBXGroup;
			children = (
				47C784CD2A550FE500E9A61A /* HTTP.swift */,
				47C784CF2A55100500E9A61A /* Endpoint.swift */,
				47B438AF2A565C0E00B4EDDF /* WeatherService.swift */,
			);
			path = Networking;
			sourceTree = "<group>";
		};
		47D939AE2A5A64D4007F2DC3 /* WeatherAppUITests */ = {
			isa = PBXGroup;
			children = (
				47D939AF2A5A64D4007F2DC3 /* WeatherAppUITests.swift */,
				47D939B12A5A64D4007F2DC3 /* WeatherAppUITestsLaunchTests.swift */,
			);
			path = WeatherAppUITests;
			sourceTree = "<group>";
		};
/* End PBXGroup section */

/* Begin PBXNativeTarget section */
		4789D79B2A5FBEDB00E82849 /* WeatherAppSnapshotTests */ = {
			isa = PBXNativeTarget;
			buildConfigurationList = 4789D7A22A5FBEDC00E82849 /* Build configuration list for PBXNativeTarget "WeatherAppSnapshotTests" */;
			buildPhases = (
				4789D7982A5FBEDB00E82849 /* Sources */,
				4789D7992A5FBEDB00E82849 /* Frameworks */,
			);
			buildRules = (
			);
			dependencies = (
				4789D7A12A5FBEDB00E82849 /* PBXTargetDependency */,
			);
			name = WeatherAppSnapshotTests;
			packageProductDependencies = (
				4789D7A62A5FBF3900E82849 /* SnapshotTesting */,
			);
			productName = WeatherAppSnapshotTests;
			productReference = 4789D79C2A5FBEDB00E82849 /* WeatherAppSnapshotTests.xctest */;
			productType = "com.apple.product-type.bundle.unit-test";
		};
		47B4392E2A5A459700B4EDDF /* WeatherAppTests */ = {
			isa = PBXNativeTarget;
			buildConfigurationList = 47B439352A5A459700B4EDDF /* Build configuration list for PBXNativeTarget "WeatherAppTests" */;
			buildPhases = (
				47B4392B2A5A459700B4EDDF /* Sources */,
				47B4392C2A5A459700B4EDDF /* Frameworks */,
				47B4392D2A5A459700B4EDDF /* Resources */,
			);
			buildRules = (
			);
			dependencies = (
				47B439342A5A459700B4EDDF /* PBXTargetDependency */,
			);
			name = WeatherAppTests;
			productName = WeatherAppTests;
			productReference = 47B4392F2A5A459700B4EDDF /* WeatherAppTests.xctest */;
			productType = "com.apple.product-type.bundle.unit-test";
		};
		47C784AF2A550F4E00E9A61A /* WeatherApp */ = {
			isa = PBXNativeTarget;
			buildConfigurationList = 47C784C42A550F5000E9A61A /* Build configuration list for PBXNativeTarget "WeatherApp" */;
			buildPhases = (
				47C784AC2A550F4E00E9A61A /* Sources */,
				47C784AD2A550F4E00E9A61A /* Frameworks */,
				47C784AE2A550F4E00E9A61A /* Resources */,
			);
			buildRules = (
			);
			dependencies = (
			);
			name = WeatherApp;
			productName = WeatherApp;
			productReference = 47C784B02A550F4E00E9A61A /* WeatherApp.app */;
			productType = "com.apple.product-type.application";
		};
		47D939AC2A5A64D4007F2DC3 /* WeatherAppUITests */ = {
			isa = PBXNativeTarget;
			buildConfigurationList = 47D939B52A5A64D4007F2DC3 /* Build configuration list for PBXNativeTarget "WeatherAppUITests" */;
			buildPhases = (
				47D939A92A5A64D4007F2DC3 /* Sources */,
				47D939AA2A5A64D4007F2DC3 /* Frameworks */,
				47D939AB2A5A64D4007F2DC3 /* Resources */,
			);
			buildRules = (
			);
			dependencies = (
				47D939B42A5A64D4007F2DC3 /* PBXTargetDependency */,
			);
			name = WeatherAppUITests;
			productName = WeatherAppUITests;
			productReference = 47D939AD2A5A64D4007F2DC3 /* WeatherAppUITests.xctest */;
			productType = "com.apple.product-type.bundle.ui-testing";
		};
/* End PBXNativeTarget section */

/* Begin PBXProject section */
		47C784A82A550F4E00E9A61A /* Project object */ = {
			isa = PBXProject;
			attributes = {
				BuildIndependentTargetsInParallel = 1;
				LastSwiftUpdateCheck = 1430;
				LastUpgradeCheck = 1430;
				TargetAttributes = {
					4789D79B2A5FBEDB00E82849 = {
						CreatedOnToolsVersion = 14.3.1;
						TestTargetID = 47C784AF2A550F4E00E9A61A;
					};
					47B4392E2A5A459700B4EDDF = {
						CreatedOnToolsVersion = 14.3.1;
						TestTargetID = 47C784AF2A550F4E00E9A61A;
					};
					47C784AF2A550F4E00E9A61A = {
						CreatedOnToolsVersion = 14.3.1;
					};
					47D939AC2A5A64D4007F2DC3 = {
						CreatedOnToolsVersion = 14.3.1;
						TestTargetID = 47C784AF2A550F4E00E9A61A;
					};
				};
			};
			buildConfigurationList = 47C784AB2A550F4E00E9A61A /* Build configuration list for PBXProject "WeatherApp" */;
			compatibilityVersion = "Xcode 14.0";
			developmentRegion = en;
			hasScannedForEncodings = 0;
			knownRegions = (
				en,
				Base,
			);
			mainGroup = 47C784A72A550F4E00E9A61A;
			packageReferences = (
				4789D7A52A5FBF3900E82849 /* XCRemoteSwiftPackageReference "swift-snapshot-testing" */,
			);
			productRefGroup = 47C784B12A550F4E00E9A61A /* Products */;
			projectDirPath = "";
			projectRoot = "";
			targets = (
				47C784AF2A550F4E00E9A61A /* WeatherApp */,
				47B4392E2A5A459700B4EDDF /* WeatherAppTests */,
				47D939AC2A5A64D4007F2DC3 /* WeatherAppUITests */,
				4789D79B2A5FBEDB00E82849 /* WeatherAppSnapshotTests */,
			);
		};
/* End PBXProject section */

/* Begin PBXResourcesBuildPhase section */
		47B4392D2A5A459700B4EDDF /* Resources */ = {
			isa = PBXResourcesBuildPhase;
			buildActionMask = 2147483647;
			files = (
			);
			runOnlyForDeploymentPostprocessing = 0;
		};
		47C784AE2A550F4E00E9A61A /* Resources */ = {
			isa = PBXResourcesBuildPhase;
			buildActionMask = 2147483647;
			files = (
				47B438B82A566CC300B4EDDF /* APIKey.plist in Resources */,
				47C784C02A550F5000E9A61A /* LaunchScreen.storyboard in Resources */,
				47C784BD2A550F5000E9A61A /* Assets.xcassets in Resources */,
			);
			runOnlyForDeploymentPostprocessing = 0;
		};
		47D939AB2A5A64D4007F2DC3 /* Resources */ = {
			isa = PBXResourcesBuildPhase;
			buildActionMask = 2147483647;
			files = (
			);
			runOnlyForDeploymentPostprocessing = 0;
		};
/* End PBXResourcesBuildPhase section */

/* Begin PBXSourcesBuildPhase section */
		4789D7982A5FBEDB00E82849 /* Sources */ = {
			isa = PBXSourcesBuildPhase;
			buildActionMask = 2147483647;
			files = (
				4789D79F2A5FBEDB00E82849 /* WeatherAppSnapshotTests.swift in Sources */,
			);
			runOnlyForDeploymentPostprocessing = 0;
		};
		47B4392B2A5A459700B4EDDF /* Sources */ = {
			isa = PBXSourcesBuildPhase;
			buildActionMask = 2147483647;
			files = (
				47D939B92A5A6647007F2DC3 /* WeatherViewControllerTests.swift in Sources */,
				47B439392A5A5A0E00B4EDDF /* WeatherDataTests.swift in Sources */,
				47B439322A5A459700B4EDDF /* WeatherViewModelTests.swift in Sources */,
			);
			runOnlyForDeploymentPostprocessing = 0;
		};
		47C784AC2A550F4E00E9A61A /* Sources */ = {
			isa = PBXSourcesBuildPhase;
			buildActionMask = 2147483647;
			files = (
				47B438B42A565E2000B4EDDF /* WeatherData.swift in Sources */,
				4789D7972A5FA96F00E82849 /* TopStackView.swift in Sources */,
				47B438B62A56621A00B4EDDF /* WeatherViewModel.swift in Sources */,
				47C784B82A550F4E00E9A61A /* WeatherViewController.swift in Sources */,
				47B438BC2A56751500B4EDDF /* Helpers.swift in Sources */,
				47B438B22A565C9000B4EDDF /* ServiceError.swift in Sources */,
				47C784CE2A550FE500E9A61A /* HTTP.swift in Sources */,
				4789D7952A5FA05E00E82849 /* BottomStackView.swift in Sources */,
				47C784B42A550F4E00E9A61A /* AppDelegate.swift in Sources */,
				47C784D02A55100500E9A61A /* Endpoint.swift in Sources */,
				47B438B02A565C0E00B4EDDF /* WeatherService.swift in Sources */,
				47C784D32A55104800E9A61A /* Constants.swift in Sources */,
			);
			runOnlyForDeploymentPostprocessing = 0;
		};
		47D939A92A5A64D4007F2DC3 /* Sources */ = {
			isa = PBXSourcesBuildPhase;
			buildActionMask = 2147483647;
			files = (
				47D939B02A5A64D4007F2DC3 /* WeatherAppUITests.swift in Sources */,
				47D939B22A5A64D4007F2DC3 /* WeatherAppUITestsLaunchTests.swift in Sources */,
			);
			runOnlyForDeploymentPostprocessing = 0;
		};
/* End PBXSourcesBuildPhase section */

/* Begin PBXTargetDependency section */
		4789D7A12A5FBEDB00E82849 /* PBXTargetDependency */ = {
			isa = PBXTargetDependency;
			target = 47C784AF2A550F4E00E9A61A /* WeatherApp */;
			targetProxy = 4789D7A02A5FBEDB00E82849 /* PBXContainerItemProxy */;
		};
		47B439342A5A459700B4EDDF /* PBXTargetDependency */ = {
			isa = PBXTargetDependency;
			target = 47C784AF2A550F4E00E9A61A /* WeatherApp */;
			targetProxy = 47B439332A5A459700B4EDDF /* PBXContainerItemProxy */;
		};
		47D939B42A5A64D4007F2DC3 /* PBXTargetDependency */ = {
			isa = PBXTargetDependency;
			target = 47C784AF2A550F4E00E9A61A /* WeatherApp */;
			targetProxy = 47D939B32A5A64D4007F2DC3 /* PBXContainerItemProxy */;
		};
/* End PBXTargetDependency section */

/* Begin PBXVariantGroup section */
		47C784BE2A550F5000E9A61A /* LaunchScreen.storyboard */ = {
			isa = PBXVariantGroup;
			children = (
				47C784BF2A550F5000E9A61A /* Base */,
			);
			name = LaunchScreen.storyboard;
			sourceTree = "<group>";
		};
/* End PBXVariantGroup section */

/* Begin XCBuildConfiguration section */
		4789D7A32A5FBEDC00E82849 /* Debug */ = {
			isa = XCBuildConfiguration;
			buildSettings = {
				BUNDLE_LOADER = "$(TEST_HOST)";
				CODE_SIGN_STYLE = Automatic;
				CURRENT_PROJECT_VERSION = 1;
				DEVELOPMENT_TEAM = 9DJ3NHWZB3;
				GENERATE_INFOPLIST_FILE = YES;
				MARKETING_VERSION = 1.0;
				PRODUCT_BUNDLE_IDENTIFIER = com.cs4372.WeatherAppSnapshotTests;
				PRODUCT_NAME = "$(TARGET_NAME)";
				SWIFT_EMIT_LOC_STRINGS = NO;
				SWIFT_VERSION = 5.0;
				TARGETED_DEVICE_FAMILY = "1,2";
				TEST_HOST = "$(BUILT_PRODUCTS_DIR)/WeatherApp.app/$(BUNDLE_EXECUTABLE_FOLDER_PATH)/WeatherApp";
			};
			name = Debug;
		};
		4789D7A42A5FBEDC00E82849 /* Release */ = {
			isa = XCBuildConfiguration;
			buildSettings = {
				BUNDLE_LOADER = "$(TEST_HOST)";
				CODE_SIGN_STYLE = Automatic;
				CURRENT_PROJECT_VERSION = 1;
				DEVELOPMENT_TEAM = 9DJ3NHWZB3;
				GENERATE_INFOPLIST_FILE = YES;
				MARKETING_VERSION = 1.0;
				PRODUCT_BUNDLE_IDENTIFIER = com.cs4372.WeatherAppSnapshotTests;
				PRODUCT_NAME = "$(TARGET_NAME)";
				SWIFT_EMIT_LOC_STRINGS = NO;
				SWIFT_VERSION = 5.0;
				TARGETED_DEVICE_FAMILY = "1,2";
				TEST_HOST = "$(BUILT_PRODUCTS_DIR)/WeatherApp.app/$(BUNDLE_EXECUTABLE_FOLDER_PATH)/WeatherApp";
			};
			name = Release;
		};
		47B439362A5A459700B4EDDF /* Debug */ = {
			isa = XCBuildConfiguration;
			buildSettings = {
				BUNDLE_LOADER = "$(TEST_HOST)";
				CODE_SIGN_STYLE = Automatic;
				CURRENT_PROJECT_VERSION = 1;
				DEVELOPMENT_TEAM = 9DJ3NHWZB3;
				GENERATE_INFOPLIST_FILE = YES;
				MARKETING_VERSION = 1.0;
				PRODUCT_BUNDLE_IDENTIFIER = com.cs4372.WeatherAppTests;
				PRODUCT_NAME = "$(TARGET_NAME)";
				SWIFT_EMIT_LOC_STRINGS = NO;
				SWIFT_VERSION = 5.0;
				TARGETED_DEVICE_FAMILY = "1,2";
				TEST_HOST = "$(BUILT_PRODUCTS_DIR)/WeatherApp.app/$(BUNDLE_EXECUTABLE_FOLDER_PATH)/WeatherApp";
			};
			name = Debug;
		};
		47B439372A5A459700B4EDDF /* Release */ = {
			isa = XCBuildConfiguration;
			buildSettings = {
				BUNDLE_LOADER = "$(TEST_HOST)";
				CODE_SIGN_STYLE = Automatic;
				CURRENT_PROJECT_VERSION = 1;
				DEVELOPMENT_TEAM = 9DJ3NHWZB3;
				GENERATE_INFOPLIST_FILE = YES;
				MARKETING_VERSION = 1.0;
				PRODUCT_BUNDLE_IDENTIFIER = com.cs4372.WeatherAppTests;
				PRODUCT_NAME = "$(TARGET_NAME)";
				SWIFT_EMIT_LOC_STRINGS = NO;
				SWIFT_VERSION = 5.0;
				TARGETED_DEVICE_FAMILY = "1,2";
				TEST_HOST = "$(BUILT_PRODUCTS_DIR)/WeatherApp.app/$(BUNDLE_EXECUTABLE_FOLDER_PATH)/WeatherApp";
			};
			name = Release;
		};
		47C784C22A550F5000E9A61A /* Debug */ = {
			isa = XCBuildConfiguration;
			buildSettings = {
				ALWAYS_SEARCH_USER_PATHS = NO;
				CLANG_ANALYZER_NONNULL = YES;
				CLANG_ANALYZER_NUMBER_OBJECT_CONVERSION = YES_AGGRESSIVE;
				CLANG_CXX_LANGUAGE_STANDARD = "gnu++20";
				CLANG_ENABLE_MODULES = YES;
				CLANG_ENABLE_OBJC_ARC = YES;
				CLANG_ENABLE_OBJC_WEAK = YES;
				CLANG_WARN_BLOCK_CAPTURE_AUTORELEASING = YES;
				CLANG_WARN_BOOL_CONVERSION = YES;
				CLANG_WARN_COMMA = YES;
				CLANG_WARN_CONSTANT_CONVERSION = YES;
				CLANG_WARN_DEPRECATED_OBJC_IMPLEMENTATIONS = YES;
				CLANG_WARN_DIRECT_OBJC_ISA_USAGE = YES_ERROR;
				CLANG_WARN_DOCUMENTATION_COMMENTS = YES;
				CLANG_WARN_EMPTY_BODY = YES;
				CLANG_WARN_ENUM_CONVERSION = YES;
				CLANG_WARN_INFINITE_RECURSION = YES;
				CLANG_WARN_INT_CONVERSION = YES;
				CLANG_WARN_NON_LITERAL_NULL_CONVERSION = YES;
				CLANG_WARN_OBJC_IMPLICIT_RETAIN_SELF = YES;
				CLANG_WARN_OBJC_LITERAL_CONVERSION = YES;
				CLANG_WARN_OBJC_ROOT_CLASS = YES_ERROR;
				CLANG_WARN_QUOTED_INCLUDE_IN_FRAMEWORK_HEADER = YES;
				CLANG_WARN_RANGE_LOOP_ANALYSIS = YES;
				CLANG_WARN_STRICT_PROTOTYPES = YES;
				CLANG_WARN_SUSPICIOUS_MOVE = YES;
				CLANG_WARN_UNGUARDED_AVAILABILITY = YES_AGGRESSIVE;
				CLANG_WARN_UNREACHABLE_CODE = YES;
				CLANG_WARN__DUPLICATE_METHOD_MATCH = YES;
				COPY_PHASE_STRIP = NO;
				DEBUG_INFORMATION_FORMAT = dwarf;
				ENABLE_STRICT_OBJC_MSGSEND = YES;
				ENABLE_TESTABILITY = YES;
				GCC_C_LANGUAGE_STANDARD = gnu11;
				GCC_DYNAMIC_NO_PIC = NO;
				GCC_NO_COMMON_BLOCKS = YES;
				GCC_OPTIMIZATION_LEVEL = 0;
				GCC_PREPROCESSOR_DEFINITIONS = (
					"DEBUG=1",
					"$(inherited)",
				);
				GCC_WARN_64_TO_32_BIT_CONVERSION = YES;
				GCC_WARN_ABOUT_RETURN_TYPE = YES_ERROR;
				GCC_WARN_UNDECLARED_SELECTOR = YES;
				GCC_WARN_UNINITIALIZED_AUTOS = YES_AGGRESSIVE;
				GCC_WARN_UNUSED_FUNCTION = YES;
				GCC_WARN_UNUSED_VARIABLE = YES;
				IPHONEOS_DEPLOYMENT_TARGET = 16.4;
				MTL_ENABLE_DEBUG_INFO = INCLUDE_SOURCE;
				MTL_FAST_MATH = YES;
				ONLY_ACTIVE_ARCH = YES;
				SDKROOT = iphoneos;
				SWIFT_ACTIVE_COMPILATION_CONDITIONS = DEBUG;
				SWIFT_OPTIMIZATION_LEVEL = "-Onone";
			};
			name = Debug;
		};
		47C784C32A550F5000E9A61A /* Release */ = {
			isa = XCBuildConfiguration;
			buildSettings = {
				ALWAYS_SEARCH_USER_PATHS = NO;
				CLANG_ANALYZER_NONNULL = YES;
				CLANG_ANALYZER_NUMBER_OBJECT_CONVERSION = YES_AGGRESSIVE;
				CLANG_CXX_LANGUAGE_STANDARD = "gnu++20";
				CLANG_ENABLE_MODULES = YES;
				CLANG_ENABLE_OBJC_ARC = YES;
				CLANG_ENABLE_OBJC_WEAK = YES;
				CLANG_WARN_BLOCK_CAPTURE_AUTORELEASING = YES;
				CLANG_WARN_BOOL_CONVERSION = YES;
				CLANG_WARN_COMMA = YES;
				CLANG_WARN_CONSTANT_CONVERSION = YES;
				CLANG_WARN_DEPRECATED_OBJC_IMPLEMENTATIONS = YES;
				CLANG_WARN_DIRECT_OBJC_ISA_USAGE = YES_ERROR;
				CLANG_WARN_DOCUMENTATION_COMMENTS = YES;
				CLANG_WARN_EMPTY_BODY = YES;
				CLANG_WARN_ENUM_CONVERSION = YES;
				CLANG_WARN_INFINITE_RECURSION = YES;
				CLANG_WARN_INT_CONVERSION = YES;
				CLANG_WARN_NON_LITERAL_NULL_CONVERSION = YES;
				CLANG_WARN_OBJC_IMPLICIT_RETAIN_SELF = YES;
				CLANG_WARN_OBJC_LITERAL_CONVERSION = YES;
				CLANG_WARN_OBJC_ROOT_CLASS = YES_ERROR;
				CLANG_WARN_QUOTED_INCLUDE_IN_FRAMEWORK_HEADER = YES;
				CLANG_WARN_RANGE_LOOP_ANALYSIS = YES;
				CLANG_WARN_STRICT_PROTOTYPES = YES;
				CLANG_WARN_SUSPICIOUS_MOVE = YES;
				CLANG_WARN_UNGUARDED_AVAILABILITY = YES_AGGRESSIVE;
				CLANG_WARN_UNREACHABLE_CODE = YES;
				CLANG_WARN__DUPLICATE_METHOD_MATCH = YES;
				COPY_PHASE_STRIP = NO;
				DEBUG_INFORMATION_FORMAT = "dwarf-with-dsym";
				ENABLE_NS_ASSERTIONS = NO;
				ENABLE_STRICT_OBJC_MSGSEND = YES;
				GCC_C_LANGUAGE_STANDARD = gnu11;
				GCC_NO_COMMON_BLOCKS = YES;
				GCC_WARN_64_TO_32_BIT_CONVERSION = YES;
				GCC_WARN_ABOUT_RETURN_TYPE = YES_ERROR;
				GCC_WARN_UNDECLARED_SELECTOR = YES;
				GCC_WARN_UNINITIALIZED_AUTOS = YES_AGGRESSIVE;
				GCC_WARN_UNUSED_FUNCTION = YES;
				GCC_WARN_UNUSED_VARIABLE = YES;
				IPHONEOS_DEPLOYMENT_TARGET = 16.4;
				MTL_ENABLE_DEBUG_INFO = NO;
				MTL_FAST_MATH = YES;
				SDKROOT = iphoneos;
				SWIFT_COMPILATION_MODE = wholemodule;
				SWIFT_OPTIMIZATION_LEVEL = "-O";
				VALIDATE_PRODUCT = YES;
			};
			name = Release;
		};
		47C784C52A550F5000E9A61A /* Debug */ = {
			isa = XCBuildConfiguration;
			buildSettings = {
				ASSETCATALOG_COMPILER_APPICON_NAME = AppIcon;
				ASSETCATALOG_COMPILER_GLOBAL_ACCENT_COLOR_NAME = AccentColor;
				CODE_SIGN_STYLE = Automatic;
				CURRENT_PROJECT_VERSION = 1;
				DEVELOPMENT_TEAM = 9DJ3NHWZB3;
				GENERATE_INFOPLIST_FILE = YES;
				INFOPLIST_FILE = WeatherApp/Info.plist;
				INFOPLIST_KEY_NSLocationWhenInUseUsageDescription = "The app uses your location to get weather info.";
				INFOPLIST_KEY_UIApplicationSupportsIndirectInputEvents = YES;
				INFOPLIST_KEY_UILaunchStoryboardName = LaunchScreen;
				INFOPLIST_KEY_UISupportedInterfaceOrientations = UIInterfaceOrientationPortrait;
				IPHONEOS_DEPLOYMENT_TARGET = 14.0;
				LD_RUNPATH_SEARCH_PATHS = (
					"$(inherited)",
					"@executable_path/Frameworks",
				);
				MARKETING_VERSION = 1.0;
				PRODUCT_BUNDLE_IDENTIFIER = com.cs4372.WeatherApp;
				PRODUCT_NAME = "$(TARGET_NAME)";
				SWIFT_EMIT_LOC_STRINGS = YES;
				SWIFT_VERSION = 5.0;
				TARGETED_DEVICE_FAMILY = "1,2";
			};
			name = Debug;
		};
		47C784C62A550F5000E9A61A /* Release */ = {
			isa = XCBuildConfiguration;
			buildSettings = {
				ASSETCATALOG_COMPILER_APPICON_NAME = AppIcon;
				ASSETCATALOG_COMPILER_GLOBAL_ACCENT_COLOR_NAME = AccentColor;
				CODE_SIGN_STYLE = Automatic;
				CURRENT_PROJECT_VERSION = 1;
				DEVELOPMENT_TEAM = 9DJ3NHWZB3;
				GENERATE_INFOPLIST_FILE = YES;
				INFOPLIST_FILE = WeatherApp/Info.plist;
				INFOPLIST_KEY_NSLocationWhenInUseUsageDescription = "The app uses your location to get weather info.";
				INFOPLIST_KEY_UIApplicationSupportsIndirectInputEvents = YES;
				INFOPLIST_KEY_UILaunchStoryboardName = LaunchScreen;
				INFOPLIST_KEY_UISupportedInterfaceOrientations = UIInterfaceOrientationPortrait;
				IPHONEOS_DEPLOYMENT_TARGET = 14.0;
				LD_RUNPATH_SEARCH_PATHS = (
					"$(inherited)",
					"@executable_path/Frameworks",
				);
				MARKETING_VERSION = 1.0;
				PRODUCT_BUNDLE_IDENTIFIER = com.cs4372.WeatherApp;
				PRODUCT_NAME = "$(TARGET_NAME)";
				SWIFT_EMIT_LOC_STRINGS = YES;
				SWIFT_VERSION = 5.0;
				TARGETED_DEVICE_FAMILY = "1,2";
			};
			name = Release;
		};
		47D939B62A5A64D4007F2DC3 /* Debug */ = {
			isa = XCBuildConfiguration;
			buildSettings = {
				CODE_SIGN_STYLE = Automatic;
				CURRENT_PROJECT_VERSION = 1;
				DEVELOPMENT_TEAM = 9DJ3NHWZB3;
				GENERATE_INFOPLIST_FILE = YES;
				MARKETING_VERSION = 1.0;
				PRODUCT_BUNDLE_IDENTIFIER = com.cs4372.WeatherAppUITests;
				PRODUCT_NAME = "$(TARGET_NAME)";
				SWIFT_EMIT_LOC_STRINGS = NO;
				SWIFT_VERSION = 5.0;
				TARGETED_DEVICE_FAMILY = "1,2";
				TEST_TARGET_NAME = WeatherApp;
			};
			name = Debug;
		};
		47D939B72A5A64D4007F2DC3 /* Release */ = {
			isa = XCBuildConfiguration;
			buildSettings = {
				CODE_SIGN_STYLE = Automatic;
				CURRENT_PROJECT_VERSION = 1;
				DEVELOPMENT_TEAM = 9DJ3NHWZB3;
				GENERATE_INFOPLIST_FILE = YES;
				MARKETING_VERSION = 1.0;
				PRODUCT_BUNDLE_IDENTIFIER = com.cs4372.WeatherAppUITests;
				PRODUCT_NAME = "$(TARGET_NAME)";
				SWIFT_EMIT_LOC_STRINGS = NO;
				SWIFT_VERSION = 5.0;
				TARGETED_DEVICE_FAMILY = "1,2";
				TEST_TARGET_NAME = WeatherApp;
			};
			name = Release;
		};
/* End XCBuildConfiguration section */

/* Begin XCConfigurationList section */
		4789D7A22A5FBEDC00E82849 /* Build configuration list for PBXNativeTarget "WeatherAppSnapshotTests" */ = {
			isa = XCConfigurationList;
			buildConfigurations = (
				4789D7A32A5FBEDC00E82849 /* Debug */,
				4789D7A42A5FBEDC00E82849 /* Release */,
			);
			defaultConfigurationIsVisible = 0;
			defaultConfigurationName = Release;
		};
		47B439352A5A459700B4EDDF /* Build configuration list for PBXNativeTarget "WeatherAppTests" */ = {
			isa = XCConfigurationList;
			buildConfigurations = (
				47B439362A5A459700B4EDDF /* Debug */,
				47B439372A5A459700B4EDDF /* Release */,
			);
			defaultConfigurationIsVisible = 0;
			defaultConfigurationName = Release;
		};
		47C784AB2A550F4E00E9A61A /* Build configuration list for PBXProject "WeatherApp" */ = {
			isa = XCConfigurationList;
			buildConfigurations = (
				47C784C22A550F5000E9A61A /* Debug */,
				47C784C32A550F5000E9A61A /* Release */,
			);
			defaultConfigurationIsVisible = 0;
			defaultConfigurationName = Release;
		};
		47C784C42A550F5000E9A61A /* Build configuration list for PBXNativeTarget "WeatherApp" */ = {
			isa = XCConfigurationList;
			buildConfigurations = (
				47C784C52A550F5000E9A61A /* Debug */,
				47C784C62A550F5000E9A61A /* Release */,
			);
			defaultConfigurationIsVisible = 0;
			defaultConfigurationName = Release;
		};
		47D939B52A5A64D4007F2DC3 /* Build configuration list for PBXNativeTarget "WeatherAppUITests" */ = {
			isa = XCConfigurationList;
			buildConfigurations = (
				47D939B62A5A64D4007F2DC3 /* Debug */,
				47D939B72A5A64D4007F2DC3 /* Release */,
			);
			defaultConfigurationIsVisible = 0;
			defaultConfigurationName = Release;
		};
/* End XCConfigurationList section */

/* Begin XCRemoteSwiftPackageReference section */
		4789D7A52A5FBF3900E82849 /* XCRemoteSwiftPackageReference "swift-snapshot-testing" */ = {
			isa = XCRemoteSwiftPackageReference;
			repositoryURL = "https://github.com/pointfreeco/swift-snapshot-testing";
			requirement = {
				kind = upToNextMinorVersion;
				minimumVersion = 1.11.0;
			};
		};
/* End XCRemoteSwiftPackageReference section */

/* Begin XCSwiftPackageProductDependency section */
		4789D7A62A5FBF3900E82849 /* SnapshotTesting */ = {
			isa = XCSwiftPackageProductDependency;
			package = 4789D7A52A5FBF3900E82849 /* XCRemoteSwiftPackageReference "swift-snapshot-testing" */;
			productName = SnapshotTesting;
		};
/* End XCSwiftPackageProductDependency section */
	};
	rootObject = 47C784A82A550F4E00E9A61A /* Project object */;
}
